
Microsoft Visual Studio Solution File, Format Version 11.00
# Visual Studio 2010
Project("{8BC9CEB8-8B4A-11D0-8D11-00A0C91BC942}") = "quick_sort", "quick_sort\quick_sort.vcxproj", "{BA2EC975-1DDE-4FEB-B7A8-52D65E9F371A}"
EndProject
Global
	GlobalSection(SolutionConfigurationPlatforms) = preSolution
		Debug|Win32 = Debug|Win32
		Release|Win32 = Release|Win32
	EndGlobalSection
	GlobalSection(ProjectConfigurationPlatforms) = postSolution
		{BA2EC975-1DDE-4FEB-B7A8-52D65E9F371A}.Debug|Win32.ActiveCfg = Debug|Win32
		{BA2EC975-1DDE-4FEB-B7A8-52D65E9F371A}.Debug|Win32.Build.0 = Debug|Win32
		{BA2EC975-1DDE-4FEB-B7A8-52D65E9F371A}.Release|Win32.ActiveCfg = Release|Win32
		{BA2EC975-1DDE-4FEB-B7A8-52D65E9F371A}.Release|Win32.Build.0 = Release|Win32
	EndGlobalSection
	GlobalSection(SolutionProperties) = preSolution
		HideSolutionNode = FALSE
	EndGlobalSection
EndGlobal
